// !$*UTF8*$!
{
	archiveVersion = 1;
	classes = {
	};
	objectVersion = 56;
	objects = {

/* Begin PBXBuildFile section */
		9F028F862BDA0CE0006533D2 /* GalleryMotionView.swift in Sources */ = {isa = PBXBuildFile; fileRef = 9F028F852BDA0CE0006533D2 /* GalleryMotionView.swift */; };
		9F11EFC82BC0A4EF00DE3642 /* MainView.swift in Sources */ = {isa = PBXBuildFile; fileRef = 9F11EFC72BC0A4EF00DE3642 /* MainView.swift */; };
		9F11EFCA2BC0A4F600DE3642 /* GalleryView.swift in Sources */ = {isa = PBXBuildFile; fileRef = 9F11EFC92BC0A4F600DE3642 /* GalleryView.swift */; };
		9F11EFCC2BC0A50A00DE3642 /* VideoListView.swift in Sources */ = {isa = PBXBuildFile; fileRef = 9F11EFCB2BC0A50A00DE3642 /* VideoListView.swift */; };
		9F11EFCE2BC0A54200DE3642 /* MapView.swift in Sources */ = {isa = PBXBuildFile; fileRef = 9F11EFCD2BC0A54200DE3642 /* MapView.swift */; };
		9F1B1DC12BD3AFFA004F5453 /* CoverImageView.swift in Sources */ = {isa = PBXBuildFile; fileRef = 9F1B1DC02BD3AFFA004F5453 /* CoverImageView.swift */; };
		9F1B1DC42BD3B79A004F5453 /* CodableBundleExtension.swift in Sources */ = {isa = PBXBuildFile; fileRef = 9F1B1DC32BD3B79A004F5453 /* CodableBundleExtension.swift */; };
		9F1B1DC72BD3B7CB004F5453 /* CoverImage.swift in Sources */ = {isa = PBXBuildFile; fileRef = 9F1B1DC62BD3B7CB004F5453 /* CoverImage.swift */; };
		9F1CEDC62BD3E79100D960CB /* Animal.swift in Sources */ = {isa = PBXBuildFile; fileRef = 9F1CEDC52BD3E79100D960CB /* Animal.swift */; };
		9F1CEDC82BD3E7A100D960CB /* AnimalListItemView.swift in Sources */ = {isa = PBXBuildFile; fileRef = 9F1CEDC72BD3E7A100D960CB /* AnimalListItemView.swift */; };
		9F1CEDCA2BD3FB0000D960CB /* AnimalDetailsView.swift in Sources */ = {isa = PBXBuildFile; fileRef = 9F1CEDC92BD3FB0000D960CB /* AnimalDetailsView.swift */; };
		9F57BBAD2BC049AD00E61358 /* AfricaApp.swift in Sources */ = {isa = PBXBuildFile; fileRef = 9F57BBAC2BC049AD00E61358 /* AfricaApp.swift */; };
		9F57BBAF2BC049AD00E61358 /* ContentView.swift in Sources */ = {isa = PBXBuildFile; fileRef = 9F57BBAE2BC049AD00E61358 /* ContentView.swift */; };
		9F57BBB12BC049AE00E61358 /* Assets.xcassets in Resources */ = {isa = PBXBuildFile; fileRef = 9F57BBB02BC049AE00E61358 /* Assets.xcassets */; };
		9F57BBB42BC049AE00E61358 /* Preview Assets.xcassets in Resources */ = {isa = PBXBuildFile; fileRef = 9F57BBB32BC049AE00E61358 /* Preview Assets.xcassets */; };
		9F6121492BD7986000E2CEE5 /* Video.swift in Sources */ = {isa = PBXBuildFile; fileRef = 9F6121482BD7986000E2CEE5 /* Video.swift */; };
		9F61214B2BD799BF00E2CEE5 /* VideoListItemView.swift in Sources */ = {isa = PBXBuildFile; fileRef = 9F61214A2BD799BF00E2CEE5 /* VideoListItemView.swift */; };
		9F61214D2BD7C0BF00E2CEE5 /* VideoPlayerView.swift in Sources */ = {isa = PBXBuildFile; fileRef = 9F61214C2BD7C0BE00E2CEE5 /* VideoPlayerView.swift */; };
		9F61214F2BD7CB0200E2CEE5 /* NationalParkLocation.swift in Sources */ = {isa = PBXBuildFile; fileRef = 9F61214E2BD7CB0200E2CEE5 /* NationalParkLocation.swift */; };
		9F6121512BD7DFA900E2CEE5 /* NationalParkAnnotation.swift in Sources */ = {isa = PBXBuildFile; fileRef = 9F6121502BD7DFA900E2CEE5 /* NationalParkAnnotation.swift */; };
		9FA1A7082BD63C6900549C0B /* HeadingView.swift in Sources */ = {isa = PBXBuildFile; fileRef = 9FA1A7072BD63C6900549C0B /* HeadingView.swift */; };
		9FA1A70A2BD63CF300549C0B /* FactsGalleryView.swift in Sources */ = {isa = PBXBuildFile; fileRef = 9FA1A7092BD63CF300549C0B /* FactsGalleryView.swift */; };
		9FA1A70C2BD647B400549C0B /* CompactMapView.swift in Sources */ = {isa = PBXBuildFile; fileRef = 9FA1A70B2BD647B400549C0B /* CompactMapView.swift */; };
		9FA1A70E2BD64D6400549C0B /* ExternalWebLinkView.swift in Sources */ = {isa = PBXBuildFile; fileRef = 9FA1A70D2BD64D6400549C0B /* ExternalWebLinkView.swift */; };
		9FEAB8CC2BC04DB300ADEF6B /* rhino.mp4 in Resources */ = {isa = PBXBuildFile; fileRef = 9FEAB8C22BC04DB200ADEF6B /* rhino.mp4 */; };
		9FEAB8CD2BC04DB300ADEF6B /* hippo.mp4 in Resources */ = {isa = PBXBuildFile; fileRef = 9FEAB8C32BC04DB200ADEF6B /* hippo.mp4 */; };
		9FEAB8CE2BC04DB300ADEF6B /* ostrich.mp4 in Resources */ = {isa = PBXBuildFile; fileRef = 9FEAB8C42BC04DB200ADEF6B /* ostrich.mp4 */; };
		9FEAB8CF2BC04DB300ADEF6B /* gorilla.mp4 in Resources */ = {isa = PBXBuildFile; fileRef = 9FEAB8C52BC04DB200ADEF6B /* gorilla.mp4 */; };
		9FEAB8D02BC04DB300ADEF6B /* zebra.mp4 in Resources */ = {isa = PBXBuildFile; fileRef = 9FEAB8C62BC04DB200ADEF6B /* zebra.mp4 */; };
		9FEAB8D12BC04DB300ADEF6B /* elephant.mp4 in Resources */ = {isa = PBXBuildFile; fileRef = 9FEAB8C72BC04DB200ADEF6B /* elephant.mp4 */; };
		9FEAB8D22BC04DB300ADEF6B /* lion.mp4 in Resources */ = {isa = PBXBuildFile; fileRef = 9FEAB8C82BC04DB300ADEF6B /* lion.mp4 */; };
		9FEAB8D32BC04DB300ADEF6B /* cheetah.mp4 in Resources */ = {isa = PBXBuildFile; fileRef = 9FEAB8C92BC04DB300ADEF6B /* cheetah.mp4 */; };
		9FEAB8D42BC04DB300ADEF6B /* lioness.mp4 in Resources */ = {isa = PBXBuildFile; fileRef = 9FEAB8CA2BC04DB300ADEF6B /* lioness.mp4 */; };
		9FEAB8D52BC04DB300ADEF6B /* giraffe.mp4 in Resources */ = {isa = PBXBuildFile; fileRef = 9FEAB8CB2BC04DB300ADEF6B /* giraffe.mp4 */; };
		9FEAB8DB2BC04E2400ADEF6B /* locations.json in Resources */ = {isa = PBXBuildFile; fileRef = 9FEAB8D72BC04E2400ADEF6B /* locations.json */; };
		9FEAB8DC2BC04E2400ADEF6B /* videos.json in Resources */ = {isa = PBXBuildFile; fileRef = 9FEAB8D82BC04E2400ADEF6B /* videos.json */; };
		9FEAB8DD2BC04E2400ADEF6B /* animals.json in Resources */ = {isa = PBXBuildFile; fileRef = 9FEAB8D92BC04E2400ADEF6B /* animals.json */; };
		9FEAB8DE2BC04E2400ADEF6B /* covers.json in Resources */ = {isa = PBXBuildFile; fileRef = 9FEAB8DA2BC04E2400ADEF6B /* covers.json */; };
/* End PBXBuildFile section */

/* Begin PBXFileReference section */
		9F028F852BDA0CE0006533D2 /* GalleryMotionView.swift */ = {isa = PBXFileReference; lastKnownFileType = sourcecode.swift; path = GalleryMotionView.swift; sourceTree = "<group>"; };
		9F11EFC72BC0A4EF00DE3642 /* MainView.swift */ = {isa = PBXFileReference; lastKnownFileType = sourcecode.swift; path = MainView.swift; sourceTree = "<group>"; };
		9F11EFC92BC0A4F600DE3642 /* GalleryView.swift */ = {isa = PBXFileReference; lastKnownFileType = sourcecode.swift; path = GalleryView.swift; sourceTree = "<group>"; };
		9F11EFCB2BC0A50A00DE3642 /* VideoListView.swift */ = {isa = PBXFileReference; lastKnownFileType = sourcecode.swift; path = VideoListView.swift; sourceTree = "<group>"; };
		9F11EFCD2BC0A54200DE3642 /* MapView.swift */ = {isa = PBXFileReference; lastKnownFileType = sourcecode.swift; path = MapView.swift; sourceTree = "<group>"; };
		9F1B1DC02BD3AFFA004F5453 /* CoverImageView.swift */ = {isa = PBXFileReference; lastKnownFileType = sourcecode.swift; path = CoverImageView.swift; sourceTree = "<group>"; };
		9F1B1DC32BD3B79A004F5453 /* CodableBundleExtension.swift */ = {isa = PBXFileReference; lastKnownFileType = sourcecode.swift; path = CodableBundleExtension.swift; sourceTree = "<group>"; };
		9F1B1DC62BD3B7CB004F5453 /* CoverImage.swift */ = {isa = PBXFileReference; lastKnownFileType = sourcecode.swift; path = CoverImage.swift; sourceTree = "<group>"; };
		9F1CEDC52BD3E79100D960CB /* Animal.swift */ = {isa = PBXFileReference; lastKnownFileType = sourcecode.swift; path = Animal.swift; sourceTree = "<group>"; };
		9F1CEDC72BD3E7A100D960CB /* AnimalListItemView.swift */ = {isa = PBXFileReference; lastKnownFileType = sourcecode.swift; path = AnimalListItemView.swift; sourceTree = "<group>"; };
		9F1CEDC92BD3FB0000D960CB /* AnimalDetailsView.swift */ = {isa = PBXFileReference; lastKnownFileType = sourcecode.swift; path = AnimalDetailsView.swift; sourceTree = "<group>"; };
		9F57BBA92BC049AD00E61358 /* Africa.app */ = {isa = PBXFileReference; explicitFileType = wrapper.application; includeInIndex = 0; path = Africa.app; sourceTree = BUILT_PRODUCTS_DIR; };
		9F57BBAC2BC049AD00E61358 /* AfricaApp.swift */ = {isa = PBXFileReference; lastKnownFileType = sourcecode.swift; path = AfricaApp.swift; sourceTree = "<group>"; };
		9F57BBAE2BC049AD00E61358 /* ContentView.swift */ = {isa = PBXFileReference; lastKnownFileType = sourcecode.swift; path = ContentView.swift; sourceTree = "<group>"; };
		9F57BBB02BC049AE00E61358 /* Assets.xcassets */ = {isa = PBXFileReference; lastKnownFileType = folder.assetcatalog; path = Assets.xcassets; sourceTree = "<group>"; };
		9F57BBB32BC049AE00E61358 /* Preview Assets.xcassets */ = {isa = PBXFileReference; lastKnownFileType = folder.assetcatalog; path = "Preview Assets.xcassets"; sourceTree = "<group>"; };
		9F6121482BD7986000E2CEE5 /* Video.swift */ = {isa = PBXFileReference; lastKnownFileType = sourcecode.swift; path = Video.swift; sourceTree = "<group>"; };
		9F61214A2BD799BF00E2CEE5 /* VideoListItemView.swift */ = {isa = PBXFileReference; lastKnownFileType = sourcecode.swift; path = VideoListItemView.swift; sourceTree = "<group>"; };
		9F61214C2BD7C0BE00E2CEE5 /* VideoPlayerView.swift */ = {isa = PBXFileReference; lastKnownFileType = sourcecode.swift; path = VideoPlayerView.swift; sourceTree = "<group>"; };
		9F61214E2BD7CB0200E2CEE5 /* NationalParkLocation.swift */ = {isa = PBXFileReference; lastKnownFileType = sourcecode.swift; path = NationalParkLocation.swift; sourceTree = "<group>"; };
		9F6121502BD7DFA900E2CEE5 /* NationalParkAnnotation.swift */ = {isa = PBXFileReference; lastKnownFileType = sourcecode.swift; path = NationalParkAnnotation.swift; sourceTree = "<group>"; };
		9FA1A7072BD63C6900549C0B /* HeadingView.swift */ = {isa = PBXFileReference; lastKnownFileType = sourcecode.swift; path = HeadingView.swift; sourceTree = "<group>"; };
		9FA1A7092BD63CF300549C0B /* FactsGalleryView.swift */ = {isa = PBXFileReference; lastKnownFileType = sourcecode.swift; path = FactsGalleryView.swift; sourceTree = "<group>"; };
		9FA1A70B2BD647B400549C0B /* CompactMapView.swift */ = {isa = PBXFileReference; lastKnownFileType = sourcecode.swift; path = CompactMapView.swift; sourceTree = "<group>"; };
		9FA1A70D2BD64D6400549C0B /* ExternalWebLinkView.swift */ = {isa = PBXFileReference; lastKnownFileType = sourcecode.swift; path = ExternalWebLinkView.swift; sourceTree = "<group>"; };
		9FEAB8C22BC04DB200ADEF6B /* rhino.mp4 */ = {isa = PBXFileReference; lastKnownFileType = file; path = rhino.mp4; sourceTree = "<group>"; };
		9FEAB8C32BC04DB200ADEF6B /* hippo.mp4 */ = {isa = PBXFileReference; lastKnownFileType = file; path = hippo.mp4; sourceTree = "<group>"; };
		9FEAB8C42BC04DB200ADEF6B /* ostrich.mp4 */ = {isa = PBXFileReference; lastKnownFileType = file; path = ostrich.mp4; sourceTree = "<group>"; };
		9FEAB8C52BC04DB200ADEF6B /* gorilla.mp4 */ = {isa = PBXFileReference; lastKnownFileType = file; path = gorilla.mp4; sourceTree = "<group>"; };
		9FEAB8C62BC04DB200ADEF6B /* zebra.mp4 */ = {isa = PBXFileReference; lastKnownFileType = file; path = zebra.mp4; sourceTree = "<group>"; };
		9FEAB8C72BC04DB200ADEF6B /* elephant.mp4 */ = {isa = PBXFileReference; lastKnownFileType = file; path = elephant.mp4; sourceTree = "<group>"; };
		9FEAB8C82BC04DB300ADEF6B /* lion.mp4 */ = {isa = PBXFileReference; lastKnownFileType = file; path = lion.mp4; sourceTree = "<group>"; };
		9FEAB8C92BC04DB300ADEF6B /* cheetah.mp4 */ = {isa = PBXFileReference; lastKnownFileType = file; path = cheetah.mp4; sourceTree = "<group>"; };
		9FEAB8CA2BC04DB300ADEF6B /* lioness.mp4 */ = {isa = PBXFileReference; lastKnownFileType = file; path = lioness.mp4; sourceTree = "<group>"; };
		9FEAB8CB2BC04DB300ADEF6B /* giraffe.mp4 */ = {isa = PBXFileReference; lastKnownFileType = file; path = giraffe.mp4; sourceTree = "<group>"; };
		9FEAB8D72BC04E2400ADEF6B /* locations.json */ = {isa = PBXFileReference; fileEncoding = 4; lastKnownFileType = text.json; path = locations.json; sourceTree = "<group>"; };
		9FEAB8D82BC04E2400ADEF6B /* videos.json */ = {isa = PBXFileReference; fileEncoding = 4; lastKnownFileType = text.json; path = videos.json; sourceTree = "<group>"; };
		9FEAB8D92BC04E2400ADEF6B /* animals.json */ = {isa = PBXFileReference; fileEncoding = 4; lastKnownFileType = text.json; path = animals.json; sourceTree = "<group>"; };
		9FEAB8DA2BC04E2400ADEF6B /* covers.json */ = {isa = PBXFileReference; fileEncoding = 4; lastKnownFileType = text.json; path = covers.json; sourceTree = "<group>"; };
		9FEAB8DF2BC04FA000ADEF6B /* Info.plist */ = {isa = PBXFileReference; lastKnownFileType = text.plist; path = Info.plist; sourceTree = "<group>"; };
/* End PBXFileReference section */

/* Begin PBXFrameworksBuildPhase section */
		9F57BBA62BC049AD00E61358 /* Frameworks */ = {
			isa = PBXFrameworksBuildPhase;
			buildActionMask = 2147483647;
			files = (
			);
			runOnlyForDeploymentPostprocessing = 0;
		};
/* End PBXFrameworksBuildPhase section */

/* Begin PBXGroup section */
		9F11EFC42BC0A4DB00DE3642 /* Screens */ = {
			isa = PBXGroup;
			children = (
				9F57BBAE2BC049AD00E61358 /* ContentView.swift */,
				9F11EFC72BC0A4EF00DE3642 /* MainView.swift */,
				9F11EFC92BC0A4F600DE3642 /* GalleryView.swift */,
				9F11EFCB2BC0A50A00DE3642 /* VideoListView.swift */,
				9F11EFCD2BC0A54200DE3642 /* MapView.swift */,
				9F1CEDC92BD3FB0000D960CB /* AnimalDetailsView.swift */,
				9F61214C2BD7C0BE00E2CEE5 /* VideoPlayerView.swift */,
			);
			path = Screens;
			sourceTree = "<group>";
		};
		9F1B1DBF2BD3AFE5004F5453 /* Views */ = {
			isa = PBXGroup;
			children = (
				9F1B1DC02BD3AFFA004F5453 /* CoverImageView.swift */,
				9F1CEDC72BD3E7A100D960CB /* AnimalListItemView.swift */,
				9FA1A7072BD63C6900549C0B /* HeadingView.swift */,
				9FA1A7092BD63CF300549C0B /* FactsGalleryView.swift */,
				9FA1A70B2BD647B400549C0B /* CompactMapView.swift */,
				9FA1A70D2BD64D6400549C0B /* ExternalWebLinkView.swift */,
				9F61214A2BD799BF00E2CEE5 /* VideoListItemView.swift */,
				9F6121502BD7DFA900E2CEE5 /* NationalParkAnnotation.swift */,
				9F028F852BDA0CE0006533D2 /* GalleryMotionView.swift */,
			);
			path = Views;
			sourceTree = "<group>";
		};
		9F1B1DC22BD3B76F004F5453 /* Extensions */ = {
			isa = PBXGroup;
			children = (
				9F1B1DC32BD3B79A004F5453 /* CodableBundleExtension.swift */,
			);
			path = Extensions;
			sourceTree = "<group>";
		};
		9F1B1DC52BD3B7C2004F5453 /* Models */ = {
			isa = PBXGroup;
			children = (
				9F1B1DC62BD3B7CB004F5453 /* CoverImage.swift */,
				9F1CEDC52BD3E79100D960CB /* Animal.swift */,
				9F6121482BD7986000E2CEE5 /* Video.swift */,
				9F61214E2BD7CB0200E2CEE5 /* NationalParkLocation.swift */,
			);
			path = Models;
			sourceTree = "<group>";
		};
		9F57BBA02BC049AD00E61358 = {
			isa = PBXGroup;
			children = (
				9F57BBAB2BC049AD00E61358 /* Africa */,
				9F57BBAA2BC049AD00E61358 /* Products */,
			);
			sourceTree = "<group>";
		};
		9F57BBAA2BC049AD00E61358 /* Products */ = {
			isa = PBXGroup;
			children = (
				9F57BBA92BC049AD00E61358 /* Africa.app */,
			);
			name = Products;
			sourceTree = "<group>";
		};
		9F57BBAB2BC049AD00E61358 /* Africa */ = {
			isa = PBXGroup;
			children = (
				9F1B1DC52BD3B7C2004F5453 /* Models */,
				9F1B1DC22BD3B76F004F5453 /* Extensions */,
				9F1B1DBF2BD3AFE5004F5453 /* Views */,
				9FEAB8DF2BC04FA000ADEF6B /* Info.plist */,
				9FEAB8D62BC04E1500ADEF6B /* Data */,
				9F57BBBB2BC04C9000E61358 /* Video */,
				9F57BBAC2BC049AD00E61358 /* AfricaApp.swift */,
				9F11EFC42BC0A4DB00DE3642 /* Screens */,
				9F57BBB02BC049AE00E61358 /* Assets.xcassets */,
				9F57BBB22BC049AE00E61358 /* Preview Content */,
			);
			path = Africa;
			sourceTree = "<group>";
		};
		9F57BBB22BC049AE00E61358 /* Preview Content */ = {
			isa = PBXGroup;
			children = (
				9F57BBB32BC049AE00E61358 /* Preview Assets.xcassets */,
			);
			path = "Preview Content";
			sourceTree = "<group>";
		};
		9F57BBBB2BC04C9000E61358 /* Video */ = {
			isa = PBXGroup;
			children = (
				9FEAB8CA2BC04DB300ADEF6B /* lioness.mp4 */,
				9FEAB8C42BC04DB200ADEF6B /* ostrich.mp4 */,
				9FEAB8C52BC04DB200ADEF6B /* gorilla.mp4 */,
				9FEAB8C32BC04DB200ADEF6B /* hippo.mp4 */,
				9FEAB8C92BC04DB300ADEF6B /* cheetah.mp4 */,
				9FEAB8C82BC04DB300ADEF6B /* lion.mp4 */,
				9FEAB8C62BC04DB200ADEF6B /* zebra.mp4 */,
				9FEAB8C72BC04DB200ADEF6B /* elephant.mp4 */,
				9FEAB8C22BC04DB200ADEF6B /* rhino.mp4 */,
				9FEAB8CB2BC04DB300ADEF6B /* giraffe.mp4 */,
			);
			path = Video;
			sourceTree = "<group>";
		};
		9FEAB8D62BC04E1500ADEF6B /* Data */ = {
			isa = PBXGroup;
			children = (
				9FEAB8D92BC04E2400ADEF6B /* animals.json */,
				9FEAB8DA2BC04E2400ADEF6B /* covers.json */,
				9FEAB8D72BC04E2400ADEF6B /* locations.json */,
				9FEAB8D82BC04E2400ADEF6B /* videos.json */,
			);
			path = Data;
			sourceTree = "<group>";
		};
/* End PBXGroup section */

/* Begin PBXNativeTarget section */
		9F57BBA82BC049AD00E61358 /* Africa */ = {
			isa = PBXNativeTarget;
			buildConfigurationList = 9F57BBB72BC049AE00E61358 /* Build configuration list for PBXNativeTarget "Africa" */;
			buildPhases = (
				9F57BBA52BC049AD00E61358 /* Sources */,
				9F57BBA62BC049AD00E61358 /* Frameworks */,
				9F57BBA72BC049AD00E61358 /* Resources */,
			);
			buildRules = (
			);
			dependencies = (
			);
			name = Africa;
			productName = Africa;
			productReference = 9F57BBA92BC049AD00E61358 /* Africa.app */;
			productType = "com.apple.product-type.application";
		};
/* End PBXNativeTarget section */

/* Begin PBXProject section */
		9F57BBA12BC049AD00E61358 /* Project object */ = {
			isa = PBXProject;
			attributes = {
				BuildIndependentTargetsInParallel = 1;
				LastSwiftUpdateCheck = 1520;
				LastUpgradeCheck = 1520;
				TargetAttributes = {
					9F57BBA82BC049AD00E61358 = {
						CreatedOnToolsVersion = 15.2;
					};
				};
			};
			buildConfigurationList = 9F57BBA42BC049AD00E61358 /* Build configuration list for PBXProject "Africa" */;
			compatibilityVersion = "Xcode 14.0";
			developmentRegion = en;
			hasScannedForEncodings = 0;
			knownRegions = (
				en,
				Base,
			);
			mainGroup = 9F57BBA02BC049AD00E61358;
			productRefGroup = 9F57BBAA2BC049AD00E61358 /* Products */;
			projectDirPath = "";
			projectRoot = "";
			targets = (
				9F57BBA82BC049AD00E61358 /* Africa */,
			);
		};
/* End PBXProject section */

/* Begin PBXResourcesBuildPhase section */
		9F57BBA72BC049AD00E61358 /* Resources */ = {
			isa = PBXResourcesBuildPhase;
			buildActionMask = 2147483647;
			files = (
				9FEAB8DD2BC04E2400ADEF6B /* animals.json in Resources */,
				9FEAB8DB2BC04E2400ADEF6B /* locations.json in Resources */,
				9FEAB8CD2BC04DB300ADEF6B /* hippo.mp4 in Resources */,
				9FEAB8D42BC04DB300ADEF6B /* lioness.mp4 in Resources */,
				9FEAB8DC2BC04E2400ADEF6B /* videos.json in Resources */,
				9FEAB8DE2BC04E2400ADEF6B /* covers.json in Resources */,
				9FEAB8D52BC04DB300ADEF6B /* giraffe.mp4 in Resources */,
				9FEAB8CC2BC04DB300ADEF6B /* rhino.mp4 in Resources */,
				9F57BBB42BC049AE00E61358 /* Preview Assets.xcassets in Resources */,
				9FEAB8CE2BC04DB300ADEF6B /* ostrich.mp4 in Resources */,
				9FEAB8D12BC04DB300ADEF6B /* elephant.mp4 in Resources */,
				9FEAB8CF2BC04DB300ADEF6B /* gorilla.mp4 in Resources */,
				9FEAB8D32BC04DB300ADEF6B /* cheetah.mp4 in Resources */,
				9FEAB8D02BC04DB300ADEF6B /* zebra.mp4 in Resources */,
				9FEAB8D22BC04DB300ADEF6B /* lion.mp4 in Resources */,
				9F57BBB12BC049AE00E61358 /* Assets.xcassets in Resources */,
			);
			runOnlyForDeploymentPostprocessing = 0;
		};
/* End PBXResourcesBuildPhase section */

/* Begin PBXSourcesBuildPhase section */
		9F57BBA52BC049AD00E61358 /* Sources */ = {
			isa = PBXSourcesBuildPhase;
			buildActionMask = 2147483647;
			files = (
				9F6121512BD7DFA900E2CEE5 /* NationalParkAnnotation.swift in Sources */,
				9F1CEDC82BD3E7A100D960CB /* AnimalListItemView.swift in Sources */,
				9F61214D2BD7C0BF00E2CEE5 /* VideoPlayerView.swift in Sources */,
				9F61214F2BD7CB0200E2CEE5 /* NationalParkLocation.swift in Sources */,
				9F1B1DC42BD3B79A004F5453 /* CodableBundleExtension.swift in Sources */,
				9F57BBAF2BC049AD00E61358 /* ContentView.swift in Sources */,
				9F11EFCE2BC0A54200DE3642 /* MapView.swift in Sources */,
				9F1B1DC12BD3AFFA004F5453 /* CoverImageView.swift in Sources */,
				9F61214B2BD799BF00E2CEE5 /* VideoListItemView.swift in Sources */,
				9F11EFC82BC0A4EF00DE3642 /* MainView.swift in Sources */,
				9F1B1DC72BD3B7CB004F5453 /* CoverImage.swift in Sources */,
				9F11EFCC2BC0A50A00DE3642 /* VideoListView.swift in Sources */,
				9F57BBAD2BC049AD00E61358 /* AfricaApp.swift in Sources */,
				9FA1A70A2BD63CF300549C0B /* FactsGalleryView.swift in Sources */,
				9FA1A70C2BD647B400549C0B /* CompactMapView.swift in Sources */,
				9F028F862BDA0CE0006533D2 /* GalleryMotionView.swift in Sources */,
				9F6121492BD7986000E2CEE5 /* Video.swift in Sources */,
				9F1CEDCA2BD3FB0000D960CB /* AnimalDetailsView.swift in Sources */,
				9F11EFCA2BC0A4F600DE3642 /* GalleryView.swift in Sources */,
				9F1CEDC62BD3E79100D960CB /* Animal.swift in Sources */,
				9FA1A7082BD63C6900549C0B /* HeadingView.swift in Sources */,
				9FA1A70E2BD64D6400549C0B /* ExternalWebLinkView.swift in Sources */,
			);
			runOnlyForDeploymentPostprocessing = 0;
		};
/* End PBXSourcesBuildPhase section */

/* Begin XCBuildConfiguration section */
		9F57BBB52BC049AE00E61358 /* Debug */ = {
			isa = XCBuildConfiguration;
			buildSettings = {
				ALWAYS_SEARCH_USER_PATHS = NO;
				ASSETCATALOG_COMPILER_GENERATE_SWIFT_ASSET_SYMBOL_EXTENSIONS = YES;
				CLANG_ANALYZER_NONNULL = YES;
				CLANG_ANALYZER_NUMBER_OBJECT_CONVERSION = YES_AGGRESSIVE;
				CLANG_CXX_LANGUAGE_STANDARD = "gnu++20";
				CLANG_ENABLE_MODULES = YES;
				CLANG_ENABLE_OBJC_ARC = YES;
				CLANG_ENABLE_OBJC_WEAK = YES;
				CLANG_WARN_BLOCK_CAPTURE_AUTORELEASING = YES;
				CLANG_WARN_BOOL_CONVERSION = YES;
				CLANG_WARN_COMMA = YES;
				CLANG_WARN_CONSTANT_CONVERSION = YES;
				CLANG_WARN_DEPRECATED_OBJC_IMPLEMENTATIONS = YES;
				CLANG_WARN_DIRECT_OBJC_ISA_USAGE = YES_ERROR;
				CLANG_WARN_DOCUMENTATION_COMMENTS = YES;
				CLANG_WARN_EMPTY_BODY = YES;
				CLANG_WARN_ENUM_CONVERSION = YES;
				CLANG_WARN_INFINITE_RECURSION = YES;
				CLANG_WARN_INT_CONVERSION = YES;
				CLANG_WARN_NON_LITERAL_NULL_CONVERSION = YES;
				CLANG_WARN_OBJC_IMPLICIT_RETAIN_SELF = YES;
				CLANG_WARN_OBJC_LITERAL_CONVERSION = YES;
				CLANG_WARN_OBJC_ROOT_CLASS = YES_ERROR;
				CLANG_WARN_QUOTED_INCLUDE_IN_FRAMEWORK_HEADER = YES;
				CLANG_WARN_RANGE_LOOP_ANALYSIS = YES;
				CLANG_WARN_STRICT_PROTOTYPES = YES;
				CLANG_WARN_SUSPICIOUS_MOVE = YES;
				CLANG_WARN_UNGUARDED_AVAILABILITY = YES_AGGRESSIVE;
				CLANG_WARN_UNREACHABLE_CODE = YES;
				CLANG_WARN__DUPLICATE_METHOD_MATCH = YES;
				COPY_PHASE_STRIP = NO;
				DEBUG_INFORMATION_FORMAT = dwarf;
				ENABLE_STRICT_OBJC_MSGSEND = YES;
				ENABLE_TESTABILITY = YES;
				ENABLE_USER_SCRIPT_SANDBOXING = YES;
				GCC_C_LANGUAGE_STANDARD = gnu17;
				GCC_DYNAMIC_NO_PIC = NO;
				GCC_NO_COMMON_BLOCKS = YES;
				GCC_OPTIMIZATION_LEVEL = 0;
				GCC_PREPROCESSOR_DEFINITIONS = (
					"DEBUG=1",
					"$(inherited)",
				);
				GCC_WARN_64_TO_32_BIT_CONVERSION = YES;
				GCC_WARN_ABOUT_RETURN_TYPE = YES_ERROR;
				GCC_WARN_UNDECLARED_SELECTOR = YES;
				GCC_WARN_UNINITIALIZED_AUTOS = YES_AGGRESSIVE;
				GCC_WARN_UNUSED_FUNCTION = YES;
				GCC_WARN_UNUSED_VARIABLE = YES;
				IPHONEOS_DEPLOYMENT_TARGET = 17.2;
				LOCALIZATION_PREFERS_STRING_CATALOGS = YES;
				MTL_ENABLE_DEBUG_INFO = INCLUDE_SOURCE;
				MTL_FAST_MATH = YES;
				ONLY_ACTIVE_ARCH = YES;
				SDKROOT = iphoneos;
				SWIFT_ACTIVE_COMPILATION_CONDITIONS = "DEBUG $(inherited)";
				SWIFT_OPTIMIZATION_LEVEL = "-Onone";
			};
			name = Debug;
		};
		9F57BBB62BC049AE00E61358 /* Release */ = {
			isa = XCBuildConfiguration;
			buildSettings = {
				ALWAYS_SEARCH_USER_PATHS = NO;
				ASSETCATALOG_COMPILER_GENERATE_SWIFT_ASSET_SYMBOL_EXTENSIONS = YES;
				CLANG_ANALYZER_NONNULL = YES;
				CLANG_ANALYZER_NUMBER_OBJECT_CONVERSION = YES_AGGRESSIVE;
				CLANG_CXX_LANGUAGE_STANDARD = "gnu++20";
				CLANG_ENABLE_MODULES = YES;
				CLANG_ENABLE_OBJC_ARC = YES;
				CLANG_ENABLE_OBJC_WEAK = YES;
				CLANG_WARN_BLOCK_CAPTURE_AUTORELEASING = YES;
				CLANG_WARN_BOOL_CONVERSION = YES;
				CLANG_WARN_COMMA = YES;
				CLANG_WARN_CONSTANT_CONVERSION = YES;
				CLANG_WARN_DEPRECATED_OBJC_IMPLEMENTATIONS = YES;
				CLANG_WARN_DIRECT_OBJC_ISA_USAGE = YES_ERROR;
				CLANG_WARN_DOCUMENTATION_COMMENTS = YES;
				CLANG_WARN_EMPTY_BODY = YES;
				CLANG_WARN_ENUM_CONVERSION = YES;
				CLANG_WARN_INFINITE_RECURSION = YES;
				CLANG_WARN_INT_CONVERSION = YES;
				CLANG_WARN_NON_LITERAL_NULL_CONVERSION = YES;
				CLANG_WARN_OBJC_IMPLICIT_RETAIN_SELF = YES;
				CLANG_WARN_OBJC_LITERAL_CONVERSION = YES;
				CLANG_WARN_OBJC_ROOT_CLASS = YES_ERROR;
				CLANG_WARN_QUOTED_INCLUDE_IN_FRAMEWORK_HEADER = YES;
				CLANG_WARN_RANGE_LOOP_ANALYSIS = YES;
				CLANG_WARN_STRICT_PROTOTYPES = YES;
				CLANG_WARN_SUSPICIOUS_MOVE = YES;
				CLANG_WARN_UNGUARDED_AVAILABILITY = YES_AGGRESSIVE;
				CLANG_WARN_UNREACHABLE_CODE = YES;
				CLANG_WARN__DUPLICATE_METHOD_MATCH = YES;
				COPY_PHASE_STRIP = NO;
				DEBUG_INFORMATION_FORMAT = "dwarf-with-dsym";
				ENABLE_NS_ASSERTIONS = NO;
				ENABLE_STRICT_OBJC_MSGSEND = YES;
				ENABLE_USER_SCRIPT_SANDBOXING = YES;
				GCC_C_LANGUAGE_STANDARD = gnu17;
				GCC_NO_COMMON_BLOCKS = YES;
				GCC_WARN_64_TO_32_BIT_CONVERSION = YES;
				GCC_WARN_ABOUT_RETURN_TYPE = YES_ERROR;
				GCC_WARN_UNDECLARED_SELECTOR = YES;
				GCC_WARN_UNINITIALIZED_AUTOS = YES_AGGRESSIVE;
				GCC_WARN_UNUSED_FUNCTION = YES;
				GCC_WARN_UNUSED_VARIABLE = YES;
				IPHONEOS_DEPLOYMENT_TARGET = 17.2;
				LOCALIZATION_PREFERS_STRING_CATALOGS = YES;
				MTL_ENABLE_DEBUG_INFO = NO;
				MTL_FAST_MATH = YES;
				SDKROOT = iphoneos;
				SWIFT_COMPILATION_MODE = wholemodule;
				VALIDATE_PRODUCT = YES;
			};
			name = Release;
		};
		9F57BBB82BC049AE00E61358 /* Debug */ = {
			isa = XCBuildConfiguration;
			buildSettings = {
				ASSETCATALOG_COMPILER_APPICON_NAME = AppIcon;
				ASSETCATALOG_COMPILER_GLOBAL_ACCENT_COLOR_NAME = AccentColor;
				CODE_SIGN_STYLE = Automatic;
				CURRENT_PROJECT_VERSION = 1;
				DEVELOPMENT_ASSET_PATHS = "\"Africa/Preview Content\"";
				DEVELOPMENT_TEAM = F76Y3C28GA;
				ENABLE_PREVIEWS = YES;
				GENERATE_INFOPLIST_FILE = YES;
				INFOPLIST_FILE = Africa/Info.plist;
				INFOPLIST_KEY_UIApplicationSceneManifest_Generation = YES;
				INFOPLIST_KEY_UIApplicationSupportsIndirectInputEvents = YES;
				INFOPLIST_KEY_UISupportedInterfaceOrientations_iPad = "UIInterfaceOrientationPortrait UIInterfaceOrientationPortraitUpsideDown UIInterfaceOrientationLandscapeLeft UIInterfaceOrientationLandscapeRight";
				INFOPLIST_KEY_UISupportedInterfaceOrientations_iPhone = "UIInterfaceOrientationPortrait UIInterfaceOrientationLandscapeLeft UIInterfaceOrientationLandscapeRight";
				INFOPLIST_KEY_UIUserInterfaceStyle = Dark;
				LD_RUNPATH_SEARCH_PATHS = (
					"$(inherited)",
					"@executable_path/Frameworks",
				);
				MARKETING_VERSION = 1.0;
				PRODUCT_BUNDLE_IDENTIFIER = com.personal.test.fruits.Africa;
				PRODUCT_NAME = "$(TARGET_NAME)";
				SWIFT_EMIT_LOC_STRINGS = YES;
				SWIFT_VERSION = 5.0;
				TARGETED_DEVICE_FAMILY = "1,2";
			};
			name = Debug;
		};
		9F57BBB92BC049AE00E61358 /* Release */ = {
			isa = XCBuildConfiguration;
			buildSettings = {
				ASSETCATALOG_COMPILER_APPICON_NAME = AppIcon;
				ASSETCATALOG_COMPILER_GLOBAL_ACCENT_COLOR_NAME = AccentColor;
				CODE_SIGN_STYLE = Automatic;
				CURRENT_PROJECT_VERSION = 1;
				DEVELOPMENT_ASSET_PATHS = "\"Africa/Preview Content\"";
				DEVELOPMENT_TEAM = F76Y3C28GA;
				ENABLE_PREVIEWS = YES;
				GENERATE_INFOPLIST_FILE = YES;
				INFOPLIST_FILE = Africa/Info.plist;
				INFOPLIST_KEY_UIApplicationSceneManifest_Generation = YES;
				INFOPLIST_KEY_UIApplicationSupportsIndirectInputEvents = YES;
				INFOPLIST_KEY_UISupportedInterfaceOrientations_iPad = "UIInterfaceOrientationPortrait UIInterfaceOrientationPortraitUpsideDown UIInterfaceOrientationLandscapeLeft UIInterfaceOrientationLandscapeRight";
				INFOPLIST_KEY_UISupportedInterfaceOrientations_iPhone = "UIInterfaceOrientationPortrait UIInterfaceOrientationLandscapeLeft UIInterfaceOrientationLandscapeRight";
				INFOPLIST_KEY_UIUserInterfaceStyle = Dark;
				LD_RUNPATH_SEARCH_PATHS = (
					"$(inherited)",
					"@executable_path/Frameworks",
				);
				MARKETING_VERSION = 1.0;
				PRODUCT_BUNDLE_IDENTIFIER = com.personal.test.fruits.Africa;
				PRODUCT_NAME = "$(TARGET_NAME)";
				SWIFT_EMIT_LOC_STRINGS = YES;
				SWIFT_VERSION = 5.0;
				TARGETED_DEVICE_FAMILY = "1,2";
			};
			name = Release;
		};
/* End XCBuildConfiguration section */

/* Begin XCConfigurationList section */
		9F57BBA42BC049AD00E61358 /* Build configuration list for PBXProject "Africa" */ = {
			isa = XCConfigurationList;
			buildConfigurations = (
				9F57BBB52BC049AE00E61358 /* Debug */,
				9F57BBB62BC049AE00E61358 /* Release */,
			);
			defaultConfigurationIsVisible = 0;
			defaultConfigurationName = Release;
		};
		9F57BBB72BC049AE00E61358 /* Build configuration list for PBXNativeTarget "Africa" */ = {
			isa = XCConfigurationList;
			buildConfigurations = (
				9F57BBB82BC049AE00E61358 /* Debug */,
				9F57BBB92BC049AE00E61358 /* Release */,
			);
			defaultConfigurationIsVisible = 0;
			defaultConfigurationName = Release;
		};
/* End XCConfigurationList section */
	};
	rootObject = 9F57BBA12BC049AD00E61358 /* Project object */;
}
